
Microsoft Visual Studio Solution File, Format Version 12.00
# Visual Studio Version 17
VisualStudioVersion = 17.2.32616.157
MinimumVisualStudioVersion = 10.0.40219.1
Project("{FAE04EC0-301F-11D3-BF4B-00C04F79EFBC}") = "DependencyInjection", "DependencyInjection\DependencyInjection.csproj", "{49ADA05A-352E-40DC-AE35-850A3F7BC2CA}"
EndProject
Project("{FAE04EC0-301F-11D3-BF4B-00C04F79EFBC}") = "CustomDependencyInjection", "CustomDependencyInjection\CustomDependencyInjection.csproj", "{08F0C36C-D76E-45A1-803A-1D13249D9208}"
EndProject
Project("{FAE04EC0-301F-11D3-BF4B-00C04F79EFBC}") = "DIFramework", "DIFramework\DIFramework.csproj", "{6C5C9B15-21F5-4956-8562-3FF6FEC4EC56}"
EndProject
Global
	GlobalSection(SolutionConfigurationPlatforms) = preSolution
		Debug|Any CPU = Debug|Any CPU
		Release|Any CPU = Release|Any CPU
	EndGlobalSection
	GlobalSection(ProjectConfigurationPlatforms) = postSolution
		{49ADA05A-352E-40DC-AE35-850A3F7BC2CA}.Debug|Any CPU.ActiveCfg = Debug|Any CPU
		{49ADA05A-352E-40DC-AE35-850A3F7BC2CA}.Debug|Any CPU.Build.0 = Debug|Any CPU
		{49ADA05A-352E-40DC-AE35-850A3F7BC2CA}.Release|Any CPU.ActiveCfg = Release|Any CPU
		{49ADA05A-352E-40DC-AE35-850A3F7BC2CA}.Release|Any CPU.Build.0 = Release|Any CPU
		{08F0C36C-D76E-45A1-803A-1D13249D9208}.Debug|Any CPU.ActiveCfg = Debug|Any CPU
		{08F0C36C-D76E-45A1-803A-1D13249D9208}.Debug|Any CPU.Build.0 = Debug|Any CPU
		{08F0C36C-D76E-45A1-803A-1D13249D9208}.Release|Any CPU.ActiveCfg = Release|Any CPU
		{08F0C36C-D76E-45A1-803A-1D13249D9208}.Release|Any CPU.Build.0 = Release|Any CPU
		{6C5C9B15-21F5-4956-8562-3FF6FEC4EC56}.Debug|Any CPU.ActiveCfg = Debug|Any CPU
		{6C5C9B15-21F5-4956-8562-3FF6FEC4EC56}.Debug|Any CPU.Build.0 = Debug|Any CPU
		{6C5C9B15-21F5-4956-8562-3FF6FEC4EC56}.Release|Any CPU.ActiveCfg = Release|Any CPU
		{6C5C9B15-21F5-4956-8562-3FF6FEC4EC56}.Release|Any CPU.Build.0 = Release|Any CPU
	EndGlobalSection
	GlobalSection(SolutionProperties) = preSolution
		HideSolutionNode = FALSE
	EndGlobalSection
	GlobalSection(ExtensibilityGlobals) = postSolution
		SolutionGuid = {0EF05CDB-55E9-427A-AEDE-5FBDB4E6BB41}
	EndGlobalSection
EndGlobal
